
Microsoft Visual Studio Solution File, Format Version 12.00
Project("{FAE04EC0-301F-11D3-BF4B-00C04F79EFBC}") = "EventManager", "EventManager\EventManager.csproj", "{BEDFED9C-796A-4791-86D1-64C3D62CC1F1}"
EndProject
Global
	GlobalSection(SolutionConfigurationPlatforms) = preSolution
		Debug|Any CPU = Debug|Any CPU
		Release|Any CPU = Release|Any CPU
	EndGlobalSection
	GlobalSection(ProjectConfigurationPlatforms) = postSolution
		{BEDFED9C-796A-4791-86D1-64C3D62CC1F1}.Debug|Any CPU.ActiveCfg = Debug|Any CPU
		{BEDFED9C-796A-4791-86D1-64C3D62CC1F1}.Debug|Any CPU.Build.0 = Debug|Any CPU
		{BEDFED9C-796A-4791-86D1-64C3D62CC1F1}.Release|Any CPU.ActiveCfg = Release|Any CPU
		{BEDFED9C-796A-4791-86D1-64C3D62CC1F1}.Release|Any CPU.Build.0 = Release|Any CPU
	EndGlobalSection
EndGlobal
